Microsoft Visual Studio Solution File, Format Version 12.00
# Visual Studio Version 17
VisualStudioVersion = 17.13.35825.156
MinimumVisualStudioVersion = 10.0.40219.1
Project("{FAE04EC0-301F-11D3-BF4B-00C04F79EFBC}") = "Employee", "Employee.csproj", "{D285A51F-C295-42DD-92E7-DBCEB9DF63C3}"
EndProject
Global
	GlobalSection(SolutionConfigurationPlatforms) = preSolution
		Debug|Any CPU = Debug|Any CPU
		Release|Any CPU = Release|Any CPU
	EndGlobalSection
	GlobalSection(ProjectConfigurationPlatforms) = postSolution
		{D285A51F-C295-42DD-92E7-DBCEB9DF63C3}.Debug|Any CPU.ActiveCfg = Debug|Any CPU
		{D285A51F-C295-42DD-92E7-DBCEB9DF63C3}.Debug|Any CPU.Build.0 = Debug|Any CPU
		{D285A51F-C295-42DD-92E7-DBCEB9DF63C3}.Release|Any CPU.ActiveCfg = Release|Any CPU
		{D285A51F-C295-42DD-92E7-DBCEB9DF63C3}.Release|Any CPU.Build.0 = Release|Any CPU
	EndGlobalSection
	GlobalSection(SolutionProperties) = preSolution
		HideSolutionNode = FALSE
	EndGlobalSection
	GlobalSection(ExtensibilityGlobals) = postSolution
		SolutionGuid = {BCF090E1-C726-4F32-B4FE-06BFAE4B2AA8}
	EndGlobalSection
EndGlobal
